
Microsoft Visual Studio Solution File, Format Version 12.00
# Visual Studio 15
VisualStudioVersion = 15.0.27703.2000
MinimumVisualStudioVersion = 10.0.40219.1
Project("{9A19103F-16F7-4668-BE54-9A1E7A4F7556}") = "CosmosDb", "CosmosDb\CosmosDb.csproj", "{E5250895-A142-488A-BE19-3B7C8D77A4C7}"
EndProject
Project("{9A19103F-16F7-4668-BE54-9A1E7A4F7556}") = "CosmosDb.Domain", "CosmosDb.Domain\CosmosDb.Domain.csproj", "{9CEED18A-B158-4F70-82F5-11C8A2732D05}"
EndProject
Project("{9A19103F-16F7-4668-BE54-9A1E7A4F7556}") = "CosmosDb.Repl", "CosmosDb.Repl\CosmosDb.Repl.csproj", "{82BF4A3C-888F-4322-9D71-24418BEB2FF9}"
EndProject
Global
	GlobalSection(SolutionConfigurationPlatforms) = preSolution
		Debug|Any CPU = Debug|Any CPU
		Release|Any CPU = Release|Any CPU
	EndGlobalSection
	GlobalSection(ProjectConfigurationPlatforms) = postSolution
		{E5250895-A142-488A-BE19-3B7C8D77A4C7}.Debug|Any CPU.ActiveCfg = Debug|Any CPU
		{E5250895-A142-488A-BE19-3B7C8D77A4C7}.Debug|Any CPU.Build.0 = Debug|Any CPU
		{E5250895-A142-488A-BE19-3B7C8D77A4C7}.Release|Any CPU.ActiveCfg = Release|Any CPU
		{E5250895-A142-488A-BE19-3B7C8D77A4C7}.Release|Any CPU.Build.0 = Release|Any CPU
		{9CEED18A-B158-4F70-82F5-11C8A2732D05}.Debug|Any CPU.ActiveCfg = Debug|Any CPU
		{9CEED18A-B158-4F70-82F5-11C8A2732D05}.Debug|Any CPU.Build.0 = Debug|Any CPU
		{9CEED18A-B158-4F70-82F5-11C8A2732D05}.Release|Any CPU.ActiveCfg = Release|Any CPU
		{9CEED18A-B158-4F70-82F5-11C8A2732D05}.Release|Any CPU.Build.0 = Release|Any CPU
		{82BF4A3C-888F-4322-9D71-24418BEB2FF9}.Debug|Any CPU.ActiveCfg = Debug|Any CPU
		{82BF4A3C-888F-4322-9D71-24418BEB2FF9}.Debug|Any CPU.Build.0 = Debug|Any CPU
		{82BF4A3C-888F-4322-9D71-24418BEB2FF9}.Release|Any CPU.ActiveCfg = Release|Any CPU
		{82BF4A3C-888F-4322-9D71-24418BEB2FF9}.Release|Any CPU.Build.0 = Release|Any CPU
	EndGlobalSection
	GlobalSection(SolutionProperties) = preSolution
		HideSolutionNode = FALSE
	EndGlobalSection
	GlobalSection(ExtensibilityGlobals) = postSolution
		SolutionGuid = {8C09EF99-EC9B-4CE2-A26E-C2B2DBF13E5C}
	EndGlobalSection
EndGlobal
