
Microsoft Visual Studio Solution File, Format Version 12.00
# Visual Studio Version 16
VisualStudioVersion = 16.0.28902.138
MinimumVisualStudioVersion = 10.0.40219.1
Project("{9A19103F-16F7-4668-BE54-9A1E7A4F7556}") = "CosmosDB.Net", "src\CosmosDb\CosmosDB.Net.csproj", "{34ADFD09-F98B-41C2-AB3F-E541512411C7}"
EndProject
Project("{9A19103F-16F7-4668-BE54-9A1E7A4F7556}") = "CosmosDB.Net.Domain", "src\CosmosDb.Domain\CosmosDB.Net.Domain.csproj", "{B586C2CB-CA8D-4265-9ACA-538C136E9D55}"
EndProject
Project("{9A19103F-16F7-4668-BE54-9A1E7A4F7556}") = "CosmosDb.Tests", "tests\CosmosDb.Tests\CosmosDb.Tests.csproj", "{D8FB9183-B739-4D94-80A5-3311C5F390F6}"
EndProject
Global
	GlobalSection(SolutionConfigurationPlatforms) = preSolution
		Debug|Any CPU = Debug|Any CPU
		Release|Any CPU = Release|Any CPU
	EndGlobalSection
	GlobalSection(ProjectConfigurationPlatforms) = postSolution
		{34ADFD09-F98B-41C2-AB3F-E541512411C7}.Debug|Any CPU.ActiveCfg = Debug|Any CPU
		{34ADFD09-F98B-41C2-AB3F-E541512411C7}.Debug|Any CPU.Build.0 = Debug|Any CPU
		{34ADFD09-F98B-41C2-AB3F-E541512411C7}.Release|Any CPU.ActiveCfg = Release|Any CPU
		{34ADFD09-F98B-41C2-AB3F-E541512411C7}.Release|Any CPU.Build.0 = Release|Any CPU
		{B586C2CB-CA8D-4265-9ACA-538C136E9D55}.Debug|Any CPU.ActiveCfg = Debug|Any CPU
		{B586C2CB-CA8D-4265-9ACA-538C136E9D55}.Debug|Any CPU.Build.0 = Debug|Any CPU
		{B586C2CB-CA8D-4265-9ACA-538C136E9D55}.Release|Any CPU.ActiveCfg = Release|Any CPU
		{B586C2CB-CA8D-4265-9ACA-538C136E9D55}.Release|Any CPU.Build.0 = Release|Any CPU
		{D8FB9183-B739-4D94-80A5-3311C5F390F6}.Debug|Any CPU.ActiveCfg = Debug|Any CPU
		{D8FB9183-B739-4D94-80A5-3311C5F390F6}.Debug|Any CPU.Build.0 = Debug|Any CPU
		{D8FB9183-B739-4D94-80A5-3311C5F390F6}.Release|Any CPU.ActiveCfg = Release|Any CPU
		{D8FB9183-B739-4D94-80A5-3311C5F390F6}.Release|Any CPU.Build.0 = Release|Any CPU
	EndGlobalSection
	GlobalSection(SolutionProperties) = preSolution
		HideSolutionNode = FALSE
	EndGlobalSection
	GlobalSection(ExtensibilityGlobals) = postSolution
		SolutionGuid = {8C09EF99-EC9B-4CE2-A26E-C2B2DBF13E5C}
	EndGlobalSection
EndGlobal
