
Microsoft Visual Studio Solution File, Format Version 12.00
# Visual Studio Version 16
VisualStudioVersion = 16.0.28902.138
MinimumVisualStudioVersion = 10.0.40219.1
Project("{9A19103F-16F7-4668-BE54-9A1E7A4F7556}") = "CosmosDb.Sample.Shared", "CosmosDb.Sample.Shared\CosmosDb.Sample.Shared.csproj", "{DF906013-459E-418A-866B-52999A349C85}"
EndProject
Project("{9A19103F-16F7-4668-BE54-9A1E7A4F7556}") = "CosmosDb.Sample.GraphConsole", "CosmosDb.Sample.GraphConsole\CosmosDb.Sample.GraphConsole.csproj", "{DF067B58-FA7F-4579-A9D4-262AFA3312A3}"
EndProject
Project("{9A19103F-16F7-4668-BE54-9A1E7A4F7556}") = "CosmosDb.Sample.SqlConsole", "CosmosDb.Sample.SqlConsole\CosmosDb.Sample.SqlConsole.csproj", "{ED07B062-5698-468F-90C2-A8482BE43EEE}"
EndProject
Global
	GlobalSection(SolutionConfigurationPlatforms) = preSolution
		Debug|Any CPU = Debug|Any CPU
		Release|Any CPU = Release|Any CPU
	EndGlobalSection
	GlobalSection(ProjectConfigurationPlatforms) = postSolution
		{DF906013-459E-418A-866B-52999A349C85}.Debug|Any CPU.ActiveCfg = Debug|Any CPU
		{DF906013-459E-418A-866B-52999A349C85}.Debug|Any CPU.Build.0 = Debug|Any CPU
		{DF906013-459E-418A-866B-52999A349C85}.Release|Any CPU.ActiveCfg = Release|Any CPU
		{DF906013-459E-418A-866B-52999A349C85}.Release|Any CPU.Build.0 = Release|Any CPU
		{DF067B58-FA7F-4579-A9D4-262AFA3312A3}.Debug|Any CPU.ActiveCfg = Debug|Any CPU
		{DF067B58-FA7F-4579-A9D4-262AFA3312A3}.Debug|Any CPU.Build.0 = Debug|Any CPU
		{DF067B58-FA7F-4579-A9D4-262AFA3312A3}.Release|Any CPU.ActiveCfg = Release|Any CPU
		{DF067B58-FA7F-4579-A9D4-262AFA3312A3}.Release|Any CPU.Build.0 = Release|Any CPU
		{ED07B062-5698-468F-90C2-A8482BE43EEE}.Debug|Any CPU.ActiveCfg = Debug|Any CPU
		{ED07B062-5698-468F-90C2-A8482BE43EEE}.Debug|Any CPU.Build.0 = Debug|Any CPU
		{ED07B062-5698-468F-90C2-A8482BE43EEE}.Release|Any CPU.ActiveCfg = Release|Any CPU
		{ED07B062-5698-468F-90C2-A8482BE43EEE}.Release|Any CPU.Build.0 = Release|Any CPU
	EndGlobalSection
	GlobalSection(SolutionProperties) = preSolution
		HideSolutionNode = FALSE
	EndGlobalSection
	GlobalSection(ExtensibilityGlobals) = postSolution
		SolutionGuid = {B6DC03C6-492E-4139-8D46-4A7759F63115}
	EndGlobalSection
EndGlobal
